// !$*UTF8*$!
{
	archiveVersion = 1;
	classes = {
	};
	objectVersion = 50;
	objects = {

/* Begin PBXBuildFile section */
		5F4D315B6D0E8A2679A3EA50 /* Pods_tagLabel.framework in Frameworks */ = {isa = PBXBuildFile; fileRef = C24CCACF179DDCFEF50F7B9D /* Pods_tagLabel.framework */; };
		6938EE7321E5C5F600C3447B /* AppDelegate.swift in Sources */ = {isa = PBXBuildFile; fileRef = 6938EE7221E5C5F600C3447B /* AppDelegate.swift */; };
		6938EE7521E5C5F600C3447B /* ViewController.swift in Sources */ = {isa = PBXBuildFile; fileRef = 6938EE7421E5C5F600C3447B /* ViewController.swift */; };
		6938EE7821E5C5F600C3447B /* Main.storyboard in Resources */ = {isa = PBXBuildFile; fileRef = 6938EE7621E5C5F600C3447B /* Main.storyboard */; };
		6938EE7A21E5C5F700C3447B /* Assets.xcassets in Resources */ = {isa = PBXBuildFile; fileRef = 6938EE7921E5C5F700C3447B /* Assets.xcassets */; };
		6938EE7D21E5C5F700C3447B /* LaunchScreen.storyboard in Resources */ = {isa = PBXBuildFile; fileRef = 6938EE7B21E5C5F700C3447B /* LaunchScreen.storyboard */; };
		6938EE8521E5C6BD00C3447B /* rulerView.swift in Sources */ = {isa = PBXBuildFile; fileRef = 6938EE8421E5C6BD00C3447B /* rulerView.swift */; };
/* End PBXBuildFile section */

/* Begin PBXFileReference section */
		07274FEDC242A2C1F98CE3F6 /* Pods-tagLabel.debug.xcconfig */ = {isa = PBXFileReference; includeInIndex = 1; lastKnownFileType = text.xcconfig; name = "Pods-tagLabel.debug.xcconfig"; path = "Pods/Target Support Files/Pods-tagLabel/Pods-tagLabel.debug.xcconfig"; sourceTree = "<group>"; };
		50390291B508F07DAEF05E8D /* Pods-tagLabel.release.xcconfig */ = {isa = PBXFileReference; includeInIndex = 1; lastKnownFileType = text.xcconfig; name = "Pods-tagLabel.release.xcconfig"; path = "Pods/Target Support Files/Pods-tagLabel/Pods-tagLabel.release.xcconfig"; sourceTree = "<group>"; };
		6938EE6F21E5C5F600C3447B /* tagLabel.app */ = {isa = PBXFileReference; explicitFileType = wrapper.application; includeInIndex = 0; path = tagLabel.app; sourceTree = BUILT_PRODUCTS_DIR; };
		6938EE7221E5C5F600C3447B /* AppDelegate.swift */ = {isa = PBXFileReference; lastKnownFileType = sourcecode.swift; path = AppDelegate.swift; sourceTree = "<group>"; };
		6938EE7421E5C5F600C3447B /* ViewController.swift */ = {isa = PBXFileReference; lastKnownFileType = sourcecode.swift; path = ViewController.swift; sourceTree = "<group>"; };
		6938EE7721E5C5F600C3447B /* Base */ = {isa = PBXFileReference; lastKnownFileType = file.storyboard; name = Base; path = Base.lproj/Main.storyboard; sourceTree = "<group>"; };
		6938EE7921E5C5F700C3447B /* Assets.xcassets */ = {isa = PBXFileReference; lastKnownFileType = folder.assetcatalog; path = Assets.xcassets; sourceTree = "<group>"; };
		6938EE7C21E5C5F700C3447B /* Base */ = {isa = PBXFileReference; lastKnownFileType = file.storyboard; name = Base; path = Base.lproj/LaunchScreen.storyboard; sourceTree = "<group>"; };
		6938EE7E21E5C5F700C3447B /* Info.plist */ = {isa = PBXFileReference; lastKnownFileType = text.plist.xml; path = Info.plist; sourceTree = "<group>"; };
		6938EE8421E5C6BD00C3447B /* rulerView.swift */ = {isa = PBXFileReference; fileEncoding = 4; lastKnownFileType = sourcecode.swift; path = rulerView.swift; sourceTree = "<group>"; };
		C24CCACF179DDCFEF50F7B9D /* Pods_tagLabel.framework */ = {isa = PBXFileReference; explicitFileType = wrapper.framework; includeInIndex = 0; path = Pods_tagLabel.framework; sourceTree = BUILT_PRODUCTS_DIR; };
/* End PBXFileReference section */

/* Begin PBXFrameworksBuildPhase section */
		6938EE6C21E5C5F600C3447B /* Frameworks */ = {
			isa = PBXFrameworksBuildPhase;
			buildActionMask = 2147483647;
			files = (
				5F4D315B6D0E8A2679A3EA50 /* Pods_tagLabel.framework in Frameworks */,
			);
			runOnlyForDeploymentPostprocessing = 0;
		};
/* End PBXFrameworksBuildPhase section */

/* Begin PBXGroup section */
		285FD002C6C74467E9D897BA /* Frameworks */ = {
			isa = PBXGroup;
			children = (
				C24CCACF179DDCFEF50F7B9D /* Pods_tagLabel.framework */,
			);
			name = Frameworks;
			sourceTree = "<group>";
		};
		6938EE6621E5C5F600C3447B = {
			isa = PBXGroup;
			children = (
				6938EE7121E5C5F600C3447B /* tagLabel */,
				6938EE7021E5C5F600C3447B /* Products */,
				8EC68D7CEB790AF8C5491EDF /* Pods */,
				285FD002C6C74467E9D897BA /* Frameworks */,
			);
			sourceTree = "<group>";
		};
		6938EE7021E5C5F600C3447B /* Products */ = {
			isa = PBXGroup;
			children = (
				6938EE6F21E5C5F600C3447B /* tagLabel.app */,
			);
			name = Products;
			sourceTree = "<group>";
		};
		6938EE7121E5C5F600C3447B /* tagLabel */ = {
			isa = PBXGroup;
			children = (
				6938EE7221E5C5F600C3447B /* AppDelegate.swift */,
				6938EE7421E5C5F600C3447B /* ViewController.swift */,
				6938EE8421E5C6BD00C3447B /* rulerView.swift */,
				6938EE7621E5C5F600C3447B /* Main.storyboard */,
				6938EE7921E5C5F700C3447B /* Assets.xcassets */,
				6938EE7B21E5C5F700C3447B /* LaunchScreen.storyboard */,
				6938EE7E21E5C5F700C3447B /* Info.plist */,
			);
			path = tagLabel;
			sourceTree = "<group>";
		};
		8EC68D7CEB790AF8C5491EDF /* Pods */ = {
			isa = PBXGroup;
			children = (
				07274FEDC242A2C1F98CE3F6 /* Pods-tagLabel.debug.xcconfig */,
				50390291B508F07DAEF05E8D /* Pods-tagLabel.release.xcconfig */,
			);
			name = Pods;
			sourceTree = "<group>";
		};
/* End PBXGroup section */

/* Begin PBXNativeTarget section */
		6938EE6E21E5C5F600C3447B /* tagLabel */ = {
			isa = PBXNativeTarget;
			buildConfigurationList = 6938EE8121E5C5F700C3447B /* Build configuration list for PBXNativeTarget "tagLabel" */;
			buildPhases = (
				0292BAD0BA74FBD07C1ADADE /* [CP] Check Pods Manifest.lock */,
				6938EE6B21E5C5F600C3447B /* Sources */,
				6938EE6C21E5C5F600C3447B /* Frameworks */,
				6938EE6D21E5C5F600C3447B /* Resources */,
				9EBDAE1C71EF6CF3CE61CC2B /* [CP] Embed Pods Frameworks */,
				0FC42021860FD5DDCF717909 /* [CP] Copy Pods Resources */,
			);
			buildRules = (
			);
			dependencies = (
			);
			name = tagLabel;
			productName = tagLabel;
			productReference = 6938EE6F21E5C5F600C3447B /* tagLabel.app */;
			productType = "com.apple.product-type.application";
		};
/* End PBXNativeTarget section */

/* Begin PBXProject section */
		6938EE6721E5C5F600C3447B /* Project object */ = {
			isa = PBXProject;
			attributes = {
				LastSwiftUpdateCheck = 0930;
				LastUpgradeCheck = 0930;
				ORGANIZATIONNAME = sxf_pro;
				TargetAttributes = {
					6938EE6E21E5C5F600C3447B = {
						CreatedOnToolsVersion = 9.3;
					};
				};
			};
			buildConfigurationList = 6938EE6A21E5C5F600C3447B /* Build configuration list for PBXProject "tagLabel" */;
			compatibilityVersion = "Xcode 9.3";
			developmentRegion = en;
			hasScannedForEncodings = 0;
			knownRegions = (
				en,
				Base,
			);
			mainGroup = 6938EE6621E5C5F600C3447B;
			productRefGroup = 6938EE7021E5C5F600C3447B /* Products */;
			projectDirPath = "";
			projectRoot = "";
			targets = (
				6938EE6E21E5C5F600C3447B /* tagLabel */,
			);
		};
/* End PBXProject section */

/* Begin PBXResourcesBuildPhase section */
		6938EE6D21E5C5F600C3447B /* Resources */ = {
			isa = PBXResourcesBuildPhase;
			buildActionMask = 2147483647;
			files = (
				6938EE7D21E5C5F700C3447B /* LaunchScreen.storyboard in Resources */,
				6938EE7A21E5C5F700C3447B /* Assets.xcassets in Resources */,
				6938EE7821E5C5F600C3447B /* Main.storyboard in Resources */,
			);
			runOnlyForDeploymentPostprocessing = 0;
		};
/* End PBXResourcesBuildPhase section */

/* Begin PBXShellScriptBuildPhase section */
		0292BAD0BA74FBD07C1ADADE /* [CP] Check Pods Manifest.lock */ = {
			isa = PBXShellScriptBuildPhase;
			buildActionMask = 2147483647;
			files = (
			);
			inputPaths = (
				"${PODS_PODFILE_DIR_PATH}/Podfile.lock",
				"${PODS_ROOT}/Manifest.lock",
			);
			name = "[CP] Check Pods Manifest.lock";
			outputPaths = (
				"$(DERIVED_FILE_DIR)/Pods-tagLabel-checkManifestLockResult.txt",
			);
			runOnlyForDeploymentPostprocessing = 0;
			shellPath = /bin/sh;
			shellScript = "diff \"${PODS_PODFILE_DIR_PATH}/Podfile.lock\" \"${PODS_ROOT}/Manifest.lock\" > /dev/null\nif [ $? != 0 ] ; then\n    # print error to STDERR\n    echo \"error: The sandbox is not in sync with the Podfile.lock. Run 'pod install' or update your CocoaPods installation.\" >&2\n    exit 1\nfi\n# This output is used by Xcode 'outputs' to avoid re-running this script phase.\necho \"SUCCESS\" > \"${SCRIPT_OUTPUT_FILE_0}\"\n";
			showEnvVarsInLog = 0;
		};
		0FC42021860FD5DDCF717909 /* [CP] Copy Pods Resources */ = {
			isa = PBXShellScriptBuildPhase;
			buildActionMask = 2147483647;
			files = (
			);
			inputPaths = (
			);
			name = "[CP] Copy Pods Resources";
			outputPaths = (
			);
			runOnlyForDeploymentPostprocessing = 0;
			shellPath = /bin/sh;
			shellScript = "\"${SRCROOT}/Pods/Target Support Files/Pods-tagLabel/Pods-tagLabel-resources.sh\"\n";
			showEnvVarsInLog = 0;
		};
		9EBDAE1C71EF6CF3CE61CC2B /* [CP] Embed Pods Frameworks */ = {
			isa = PBXShellScriptBuildPhase;
			buildActionMask = 2147483647;
			files = (
			);
			inputPaths = (
				"${SRCROOT}/Pods/Target Support Files/Pods-tagLabel/Pods-tagLabel-frameworks.sh",
				"${BUILT_PRODUCTS_DIR}/SnapKit/SnapKit.framework",
			);
			name = "[CP] Embed Pods Frameworks";
			outputPaths = (
				"${TARGET_BUILD_DIR}/${FRAMEWORKS_FOLDER_PATH}/SnapKit.framework",
			);
			runOnlyForDeploymentPostprocessing = 0;
			shellPath = /bin/sh;
			shellScript = "\"${SRCROOT}/Pods/Target Support Files/Pods-tagLabel/Pods-tagLabel-frameworks.sh\"\n";
			showEnvVarsInLog = 0;
		};
/* End PBXShellScriptBuildPhase section */

/* Begin PBXSourcesBuildPhase section */
		6938EE6B21E5C5F600C3447B /* Sources */ = {
			isa = PBXSourcesBuildPhase;
			buildActionMask = 2147483647;
			files = (
				6938EE7521E5C5F600C3447B /* ViewController.swift in Sources */,
				6938EE8521E5C6BD00C3447B /* rulerView.swift in Sources */,
				6938EE7321E5C5F600C3447B /* AppDelegate.swift in Sources */,
			);
			runOnlyForDeploymentPostprocessing = 0;
		};
/* End PBXSourcesBuildPhase section */

/* Begin PBXVariantGroup section */
		6938EE7621E5C5F600C3447B /* Main.storyboard */ = {
			isa = PBXVariantGroup;
			children = (
				6938EE7721E5C5F600C3447B /* Base */,
			);
			name = Main.storyboard;
			sourceTree = "<group>";
		};
		6938EE7B21E5C5F700C3447B /* LaunchScreen.storyboard */ = {
			isa = PBXVariantGroup;
			children = (
				6938EE7C21E5C5F700C3447B /* Base */,
			);
			name = LaunchScreen.storyboard;
			sourceTree = "<group>";
		};
/* End PBXVariantGroup section */

/* Begin XCBuildConfiguration section */
		6938EE7F21E5C5F700C3447B /* Debug */ = {
			isa = XCBuildConfiguration;
			buildSettings = {
				ALWAYS_SEARCH_USER_PATHS = NO;
				CLANG_ANALYZER_NONNULL = YES;
				CLANG_ANALYZER_NUMBER_OBJECT_CONVERSION = YES_AGGRESSIVE;
				CLANG_CXX_LANGUAGE_STANDARD = "gnu++14";
				CLANG_CXX_LIBRARY = "libc++";
				CLANG_ENABLE_MODULES = YES;
				CLANG_ENABLE_OBJC_ARC = YES;
				CLANG_ENABLE_OBJC_WEAK = YES;
				CLANG_WARN_BLOCK_CAPTURE_AUTORELEASING = YES;
				CLANG_WARN_BOOL_CONVERSION = YES;
				CLANG_WARN_COMMA = YES;
				CLANG_WARN_CONSTANT_CONVERSION = YES;
				CLANG_WARN_DEPRECATED_OBJC_IMPLEMENTATIONS = YES;
				CLANG_WARN_DIRECT_OBJC_ISA_USAGE = YES_ERROR;
				CLANG_WARN_DOCUMENTATION_COMMENTS = YES;
				CLANG_WARN_EMPTY_BODY = YES;
				CLANG_WARN_ENUM_CONVERSION = YES;
				CLANG_WARN_INFINITE_RECURSION = YES;
				CLANG_WARN_INT_CONVERSION = YES;
				CLANG_WARN_NON_LITERAL_NULL_CONVERSION = YES;
				CLANG_WARN_OBJC_IMPLICIT_RETAIN_SELF = YES;
				CLANG_WARN_OBJC_LITERAL_CONVERSION = YES;
				CLANG_WARN_OBJC_ROOT_CLASS = YES_ERROR;
				CLANG_WARN_RANGE_LOOP_ANALYSIS = YES;
				CLANG_WARN_STRICT_PROTOTYPES = YES;
				CLANG_WARN_SUSPICIOUS_MOVE = YES;
				CLANG_WARN_UNGUARDED_AVAILABILITY = YES_AGGRESSIVE;
				CLANG_WARN_UNREACHABLE_CODE = YES;
				CLANG_WARN__DUPLICATE_METHOD_MATCH = YES;
				CODE_SIGN_IDENTITY = "iPhone Developer";
				COPY_PHASE_STRIP = NO;
				DEBUG_INFORMATION_FORMAT = dwarf;
				ENABLE_STRICT_OBJC_MSGSEND = YES;
				ENABLE_TESTABILITY = YES;
				GCC_C_LANGUAGE_STANDARD = gnu11;
				GCC_DYNAMIC_NO_PIC = NO;
				GCC_NO_COMMON_BLOCKS = YES;
				GCC_OPTIMIZATION_LEVEL = 0;
				GCC_PREPROCESSOR_DEFINITIONS = (
					"DEBUG=1",
					"$(inherited)",
				);
				GCC_WARN_64_TO_32_BIT_CONVERSION = YES;
				GCC_WARN_ABOUT_RETURN_TYPE = YES_ERROR;
				GCC_WARN_UNDECLARED_SELECTOR = YES;
				GCC_WARN_UNINITIALIZED_AUTOS = YES_AGGRESSIVE;
				GCC_WARN_UNUSED_FUNCTION = YES;
				GCC_WARN_UNUSED_VARIABLE = YES;
				IPHONEOS_DEPLOYMENT_TARGET = 11.3;
				MTL_ENABLE_DEBUG_INFO = YES;
				ONLY_ACTIVE_ARCH = YES;
				SDKROOT = iphoneos;
				SWIFT_ACTIVE_COMPILATION_CONDITIONS = DEBUG;
				SWIFT_OPTIMIZATION_LEVEL = "-Onone";
			};
			name = Debug;
		};
		6938EE8021E5C5F700C3447B /* Release */ = {
			isa = XCBuildConfiguration;
			buildSettings = {
				ALWAYS_SEARCH_USER_PATHS = NO;
				CLANG_ANALYZER_NONNULL = YES;
				CLANG_ANALYZER_NUMBER_OBJECT_CONVERSION = YES_AGGRESSIVE;
				CLANG_CXX_LANGUAGE_STANDARD = "gnu++14";
				CLANG_CXX_LIBRARY = "libc++";
				CLANG_ENABLE_MODULES = YES;
				CLANG_ENABLE_OBJC_ARC = YES;
				CLANG_ENABLE_OBJC_WEAK = YES;
				CLANG_WARN_BLOCK_CAPTURE_AUTORELEASING = YES;
				CLANG_WARN_BOOL_CONVERSION = YES;
				CLANG_WARN_COMMA = YES;
				CLANG_WARN_CONSTANT_CONVERSION = YES;
				CLANG_WARN_DEPRECATED_OBJC_IMPLEMENTATIONS = YES;
				CLANG_WARN_DIRECT_OBJC_ISA_USAGE = YES_ERROR;
				CLANG_WARN_DOCUMENTATION_COMMENTS = YES;
				CLANG_WARN_EMPTY_BODY = YES;
				CLANG_WARN_ENUM_CONVERSION = YES;
				CLANG_WARN_INFINITE_RECURSION = YES;
				CLANG_WARN_INT_CONVERSION = YES;
				CLANG_WARN_NON_LITERAL_NULL_CONVERSION = YES;
				CLANG_WARN_OBJC_IMPLICIT_RETAIN_SELF = YES;
				CLANG_WARN_OBJC_LITERAL_CONVERSION = YES;
				CLANG_WARN_OBJC_ROOT_CLASS = YES_ERROR;
				CLANG_WARN_RANGE_LOOP_ANALYSIS = YES;
				CLANG_WARN_STRICT_PROTOTYPES = YES;
				CLANG_WARN_SUSPICIOUS_MOVE = YES;
				CLANG_WARN_UNGUARDED_AVAILABILITY = YES_AGGRESSIVE;
				CLANG_WARN_UNREACHABLE_CODE = YES;
				CLANG_WARN__DUPLICATE_METHOD_MATCH = YES;
				CODE_SIGN_IDENTITY = "iPhone Developer";
				COPY_PHASE_STRIP = NO;
				DEBUG_INFORMATION_FORMAT = "dwarf-with-dsym";
				ENABLE_NS_ASSERTIONS = NO;
				ENABLE_STRICT_OBJC_MSGSEND = YES;
				GCC_C_LANGUAGE_STANDARD = gnu11;
				GCC_NO_COMMON_BLOCKS = YES;
				GCC_WARN_64_TO_32_BIT_CONVERSION = YES;
				GCC_WARN_ABOUT_RETURN_TYPE = YES_ERROR;
				GCC_WARN_UNDECLARED_SELECTOR = YES;
				GCC_WARN_UNINITIALIZED_AUTOS = YES_AGGRESSIVE;
				GCC_WARN_UNUSED_FUNCTION = YES;
				GCC_WARN_UNUSED_VARIABLE = YES;
				IPHONEOS_DEPLOYMENT_TARGET = 11.3;
				MTL_ENABLE_DEBUG_INFO = NO;
				SDKROOT = iphoneos;
				SWIFT_COMPILATION_MODE = wholemodule;
				SWIFT_OPTIMIZATION_LEVEL = "-O";
				VALIDATE_PRODUCT = YES;
			};
			name = Release;
		};
		6938EE8221E5C5F700C3447B /* Debug */ = {
			isa = XCBuildConfiguration;
			baseConfigurationReference = 07274FEDC242A2C1F98CE3F6 /* Pods-tagLabel.debug.xcconfig */;
			buildSettings = {
				ASSETCATALOG_COMPILER_APPICON_NAME = AppIcon;
				CODE_SIGN_STYLE = Automatic;
				INFOPLIST_FILE = tagLabel/Info.plist;
				LD_RUNPATH_SEARCH_PATHS = (
					"$(inherited)",
					"@executable_path/Frameworks",
				);
				PRODUCT_BUNDLE_IDENTIFIER = com.sxf.tagLabel;
				PRODUCT_NAME = "$(TARGET_NAME)";
				SWIFT_VERSION = 4.0;
				TARGETED_DEVICE_FAMILY = "1,2";
			};
			name = Debug;
		};
		6938EE8321E5C5F700C3447B /* Release */ = {
			isa = XCBuildConfiguration;
			baseConfigurationReference = 50390291B508F07DAEF05E8D /* Pods-tagLabel.release.xcconfig */;
			buildSettings = {
				ASSETCATALOG_COMPILER_APPICON_NAME = AppIcon;
				CODE_SIGN_STYLE = Automatic;
				INFOPLIST_FILE = tagLabel/Info.plist;
				LD_RUNPATH_SEARCH_PATHS = (
					"$(inherited)",
					"@executable_path/Frameworks",
				);
				PRODUCT_BUNDLE_IDENTIFIER = com.sxf.tagLabel;
				PRODUCT_NAME = "$(TARGET_NAME)";
				SWIFT_VERSION = 4.0;
				TARGETED_DEVICE_FAMILY = "1,2";
			};
			name = Release;
		};
/* End XCBuildConfiguration section */

/* Begin XCConfigurationList section */
		6938EE6A21E5C5F600C3447B /* Build configuration list for PBXProject "tagLabel" */ = {
			isa = XCConfigurationList;
			buildConfigurations = (
				6938EE7F21E5C5F700C3447B /* Debug */,
				6938EE8021E5C5F700C3447B /* Release */,
			);
			defaultConfigurationIsVisible = 0;
			defaultConfigurationName = Release;
		};
		6938EE8121E5C5F700C3447B /* Build configuration list for PBXNativeTarget "tagLabel" */ = {
			isa = XCConfigurationList;
			buildConfigurations = (
				6938EE8221E5C5F700C3447B /* Debug */,
				6938EE8321E5C5F700C3447B /* Release */,
			);
			defaultConfigurationIsVisible = 0;
			defaultConfigurationName = Release;
		};
/* End XCConfigurationList section */
	};
	rootObject = 6938EE6721E5C5F600C3447B /* Project object */;
}
